{
  "nodes": {
    "keymap-popup": {
      "flake": false,
      "locked": {
        "lastModified": 1786092281,
        "narHash": "sha256-6zalP/EvksOKfJKERAsRhsKkRJ870f1X/lYrlXX02j0=",
        "ref": "refs/heads/master",
        "rev": "d60263ae5b169cbffe4ae90f2615343b59f5d077",
        "revCount": 146,
        "type": "git",
        "url": "https://git.thanosapollo.org/emacs-keymap-popup.git"
      },
      "original": {
        "type": "git",
        "url": "https://git.thanosapollo.org/emacs-keymap-popup.git"
      }
    },
    "nixpkgs": {
      "locked": {
        "lastModified": 1781074563,
        "narHash": "sha256-md8WlXOlfnIeHeOScMTTHFyf2d6iaTwPl2apR5EQ3P4=",
        "owner": "NixOS",
        "repo": "nixpkgs",
        "rev": "9ae611a455b90cf061d8f332b977e387bda8e1ca",
        "type": "github"
      },
      "original": {
        "owner": "NixOS",
        "ref": "nixos-unstable",
        "repo": "nixpkgs",
        "type": "github"
      }
    },
    "root": {
      "inputs": {
        "keymap-popup": "keymap-popup",
        "nixpkgs": "nixpkgs"
      }
    }
  },
  "root": "root",
  "version": 7
}
