{
  "nodes": {
    "keymap-popup": {
      "flake": false,
      "locked": {
        "lastModified": 1784081772,
        "narHash": "sha256-jHtMgKEFb++4KHOk7gr1QNwg2CzlNXmpCRIfQ3WPDoA=",
        "ref": "refs/heads/master",
        "rev": "44ee56b4de2756460a366c7fa45de6dbf7bee9fe",
        "revCount": 137,
        "type": "git",
        "url": "https://git.thanosapollo.org/emacs-keymap-popup"
      },
      "original": {
        "type": "git",
        "url": "https://git.thanosapollo.org/emacs-keymap-popup"
      }
    },
    "keymap-popup-minimum": {
      "flake": false,
      "locked": {
        "lastModified": 1783912247,
        "narHash": "sha256-kp3v0FHHVxsAYI+b30uJ8AInenYS1yc6/qKeKY+Az50=",
        "ref": "refs/tags/0.4.0",
        "rev": "d0b50926a186d2de72aa12c6d6b06e384731865a",
        "revCount": 135,
        "type": "git",
        "url": "https://git.thanosapollo.org/emacs-keymap-popup"
      },
      "original": {
        "ref": "refs/tags/0.4.0",
        "type": "git",
        "url": "https://git.thanosapollo.org/emacs-keymap-popup"
      }
    },
    "nixpkgs": {
      "locked": {
        "lastModified": 1781074563,
        "narHash": "sha256-md8WlXOlfnIeHeOScMTTHFyf2d6iaTwPl2apR5EQ3P4=",
        "owner": "NixOS",
        "repo": "nixpkgs",
        "rev": "9ae611a455b90cf061d8f332b977e387bda8e1ca",
        "type": "github"
      },
      "original": {
        "owner": "NixOS",
        "ref": "nixos-unstable",
        "repo": "nixpkgs",
        "type": "github"
      }
    },
    "root": {
      "inputs": {
        "keymap-popup": "keymap-popup",
        "keymap-popup-minimum": "keymap-popup-minimum",
        "nixpkgs": "nixpkgs"
      }
    }
  },
  "root": "root",
  "version": 7
}
