{
  "nodes": {
    "keymap-popup": {
      "flake": false,
      "locked": {
        "lastModified": 1785839827,
        "narHash": "sha256-SdZENzhLigCqvl7OSV0pHBIcgCwgxaVz3TRgqbnoB08=",
        "ref": "refs/heads/master",
        "rev": "9650c92bf59cd7fbbca917d86de6b49d45626103",
        "revCount": 141,
        "type": "git",
        "url": "https://git.thanosapollo.org/emacs-keymap-popup"
      },
      "original": {
        "type": "git",
        "url": "https://git.thanosapollo.org/emacs-keymap-popup"
      }
    },
    "nixpkgs": {
      "locked": {
        "lastModified": 1782467914,
        "narHash": "sha256-pGvFkM8N0xEkIIXDe5YYfbEAvHrk4IxBrjB/x8OomhE=",
        "owner": "NixOS",
        "repo": "nixpkgs",
        "rev": "e73de5be04e0eff4190a1432b946d469c794e7b4",
        "type": "github"
      },
      "original": {
        "owner": "NixOS",
        "ref": "nixos-unstable",
        "repo": "nixpkgs",
        "type": "github"
      }
    },
    "root": {
      "inputs": {
        "keymap-popup": "keymap-popup",
        "nixpkgs": "nixpkgs"
      }
    }
  },
  "root": "root",
  "version": 7
}
